
Microsoft Visual Studio Solution File, Format Version 12.00
# Visual Studio Version 17
VisualStudioVersion = 17.9.34701.34
MinimumVisualStudioVersion = 10.0.40219.1
Project("{9A19103F-16F7-4668-BE54-9A1E7A4F7556}") = "LetterTemplate", "LetterTemplate\LetterTemplate.csproj", "{16EE4AB4-EADC-4A5B-B045-BD387C2F7127}"
EndProject
Project("{2150E333-8FDC-42A3-9474-1A3956D46DE8}") = "Solution Items", "Solution Items", "{8266A5D8-88DB-4111-8274-8B4EE62050AD}"
	ProjectSection(SolutionItems) = preProject
		.editorconfig = .editorconfig
	EndProjectSection
EndProject
Project("{FAE04EC0-301F-11D3-BF4B-00C04F79EFBC}") = "Consultant", "Consultant\Consultant.csproj", "{50539A8E-4CCF-42C8-A984-ABA8597C206F}"
EndProject
Global
	GlobalSection(SolutionConfigurationPlatforms) = preSolution
		Debug|Any CPU = Debug|Any CPU
		Release|Any CPU = Release|Any CPU
	EndGlobalSection
	GlobalSection(ProjectConfigurationPlatforms) = postSolution
		{16EE4AB4-EADC-4A5B-B045-BD387C2F7127}.Debug|Any CPU.ActiveCfg = Debug|Any CPU
		{16EE4AB4-EADC-4A5B-B045-BD387C2F7127}.Debug|Any CPU.Build.0 = Debug|Any CPU
		{16EE4AB4-EADC-4A5B-B045-BD387C2F7127}.Release|Any CPU.ActiveCfg = Release|Any CPU
		{16EE4AB4-EADC-4A5B-B045-BD387C2F7127}.Release|Any CPU.Build.0 = Release|Any CPU
		{50539A8E-4CCF-42C8-A984-ABA8597C206F}.Debug|Any CPU.ActiveCfg = Debug|Any CPU
		{50539A8E-4CCF-42C8-A984-ABA8597C206F}.Debug|Any CPU.Build.0 = Debug|Any CPU
		{50539A8E-4CCF-42C8-A984-ABA8597C206F}.Release|Any CPU.ActiveCfg = Release|Any CPU
		{50539A8E-4CCF-42C8-A984-ABA8597C206F}.Release|Any CPU.Build.0 = Release|Any CPU
	EndGlobalSection
	GlobalSection(SolutionProperties) = preSolution
		HideSolutionNode = FALSE
	EndGlobalSection
	GlobalSection(ExtensibilityGlobals) = postSolution
		SolutionGuid = {A00B5AC0-BBAB-43DC-A541-C53404042226}
	EndGlobalSection
EndGlobal
